
Microsoft Visual Studio Solution File, Format Version 12.00
# Visual Studio Version 16
VisualStudioVersion = 16.0.810.6
MinimumVisualStudioVersion = 10.0.40219.1
Project("{FAE04EC0-301F-11D3-BF4B-00C04F79EFBC}") = "BDPointAndroidXamarinDemo", "BDPointAndroidXamarinDemo\BDPointAndroidXamarinDemo.csproj", "{B2178575-6A6E-4C1B-99B3-50771C985FA0}"
EndProject
Global
	GlobalSection(SolutionConfigurationPlatforms) = preSolution
		Debug|Any CPU = Debug|Any CPU
		Release|Any CPU = Release|Any CPU
	EndGlobalSection
	GlobalSection(ProjectConfigurationPlatforms) = postSolution
		{B2178575-6A6E-4C1B-99B3-50771C985FA0}.Debug|Any CPU.ActiveCfg = Debug|Any CPU
		{B2178575-6A6E-4C1B-99B3-50771C985FA0}.Debug|Any CPU.Build.0 = Debug|Any CPU
		{B2178575-6A6E-4C1B-99B3-50771C985FA0}.Release|Any CPU.ActiveCfg = Release|Any CPU
		{B2178575-6A6E-4C1B-99B3-50771C985FA0}.Release|Any CPU.Build.0 = Release|Any CPU
	EndGlobalSection
	GlobalSection(SolutionProperties) = preSolution
		HideSolutionNode = FALSE
	EndGlobalSection
	GlobalSection(ExtensibilityGlobals) = postSolution
		SolutionGuid = {8F66677F-24B6-4A18-AA43-D5AECC22DACD}
	EndGlobalSection
	GlobalSection(MonoDevelopProperties) = preSolution
		version = 1.0
	EndGlobalSection
EndGlobal
